// !$*UTF8*$!
{
	archiveVersion = 1;
	classes = {
	};
	objectVersion = 55;
	objects = {

/* Begin PBXBuildFile section */
		A044A387281656F400E36C4B /* CircleImage.swift in Sources */ = {isa = PBXBuildFile; fileRef = A044A386281656F400E36C4B /* CircleImage.swift */; };
		A076A9FC281646A700EF48A5 /* LandmarksApp.swift in Sources */ = {isa = PBXBuildFile; fileRef = A076A9FB281646A700EF48A5 /* LandmarksApp.swift */; };
		A076A9FE281646A700EF48A5 /* ContentView.swift in Sources */ = {isa = PBXBuildFile; fileRef = A076A9FD281646A700EF48A5 /* ContentView.swift */; };
		A076AA03281646AB00EF48A5 /* Preview Assets.xcassets in Resources */ = {isa = PBXBuildFile; fileRef = A076AA02281646AB00EF48A5 /* Preview Assets.xcassets */; };
		A08BCDCF2835F7F800637CA8 /* landmarkData.json in Resources */ = {isa = PBXBuildFile; fileRef = A08BCDCE2835F7F800637CA8 /* landmarkData.json */; };
		A08BCDD12835F85300637CA8 /* Landmark.swift in Sources */ = {isa = PBXBuildFile; fileRef = A08BCDD02835F85300637CA8 /* Landmark.swift */; };
		A08BCDD32835FA4E00637CA8 /* ModelData.swift in Sources */ = {isa = PBXBuildFile; fileRef = A08BCDD22835FA4E00637CA8 /* ModelData.swift */; };
		A08BCDD82835FBFF00637CA8 /* LandmarkRow.swift in Sources */ = {isa = PBXBuildFile; fileRef = A08BCDD72835FBFF00637CA8 /* LandmarkRow.swift */; };
		A08BCDDA2835FE9800637CA8 /* LandmarkList.swift in Sources */ = {isa = PBXBuildFile; fileRef = A08BCDD92835FE9800637CA8 /* LandmarkList.swift */; };
		A08BCDDC2836007E00637CA8 /* LandmarkDetail.swift in Sources */ = {isa = PBXBuildFile; fileRef = A08BCDDB2836007E00637CA8 /* LandmarkDetail.swift */; };
		A0AA05B32825C6D600DCC280 /* Assets.xcassets in Resources */ = {isa = PBXBuildFile; fileRef = A0AA05B22825C6D600DCC280 /* Assets.xcassets */; };
		A0CE01CA281B961E0025D185 /* MapView.swift in Sources */ = {isa = PBXBuildFile; fileRef = A0CE01C9281B961E0025D185 /* MapView.swift */; };
/* End PBXBuildFile section */

/* Begin PBXFileReference section */
		A044A386281656F400E36C4B /* CircleImage.swift */ = {isa = PBXFileReference; lastKnownFileType = sourcecode.swift; path = CircleImage.swift; sourceTree = "<group>"; };
		A076A9F8281646A700EF48A5 /* Landmarks.app */ = {isa = PBXFileReference; explicitFileType = wrapper.application; includeInIndex = 0; path = Landmarks.app; sourceTree = BUILT_PRODUCTS_DIR; };
		A076A9FB281646A700EF48A5 /* LandmarksApp.swift */ = {isa = PBXFileReference; lastKnownFileType = sourcecode.swift; path = LandmarksApp.swift; sourceTree = "<group>"; };
		A076A9FD281646A700EF48A5 /* ContentView.swift */ = {isa = PBXFileReference; lastKnownFileType = sourcecode.swift; path = ContentView.swift; sourceTree = "<group>"; };
		A076AA02281646AB00EF48A5 /* Preview Assets.xcassets */ = {isa = PBXFileReference; lastKnownFileType = folder.assetcatalog; path = "Preview Assets.xcassets"; sourceTree = "<group>"; };
		A08BCDCE2835F7F800637CA8 /* landmarkData.json */ = {isa = PBXFileReference; fileEncoding = 4; lastKnownFileType = text.json; path = landmarkData.json; sourceTree = "<group>"; };
		A08BCDD02835F85300637CA8 /* Landmark.swift */ = {isa = PBXFileReference; lastKnownFileType = sourcecode.swift; path = Landmark.swift; sourceTree = "<group>"; };
		A08BCDD22835FA4E00637CA8 /* ModelData.swift */ = {isa = PBXFileReference; lastKnownFileType = sourcecode.swift; path = ModelData.swift; sourceTree = "<group>"; };
		A08BCDD72835FBFF00637CA8 /* LandmarkRow.swift */ = {isa = PBXFileReference; lastKnownFileType = sourcecode.swift; path = LandmarkRow.swift; sourceTree = "<group>"; };
		A08BCDD92835FE9800637CA8 /* LandmarkList.swift */ = {isa = PBXFileReference; lastKnownFileType = sourcecode.swift; path = LandmarkList.swift; sourceTree = "<group>"; };
		A08BCDDB2836007E00637CA8 /* LandmarkDetail.swift */ = {isa = PBXFileReference; lastKnownFileType = sourcecode.swift; path = LandmarkDetail.swift; sourceTree = "<group>"; };
		A0AA05B22825C6D600DCC280 /* Assets.xcassets */ = {isa = PBXFileReference; lastKnownFileType = folder.assetcatalog; path = Assets.xcassets; sourceTree = "<group>"; };
		A0CE01C9281B961E0025D185 /* MapView.swift */ = {isa = PBXFileReference; lastKnownFileType = sourcecode.swift; path = MapView.swift; sourceTree = "<group>"; };
/* End PBXFileReference section */

/* Begin PBXFrameworksBuildPhase section */
		A076A9F5281646A700EF48A5 /* Frameworks */ = {
			isa = PBXFrameworksBuildPhase;
			buildActionMask = 2147483647;
			files = (
			);
			runOnlyForDeploymentPostprocessing = 0;
		};
/* End PBXFrameworksBuildPhase section */

/* Begin PBXGroup section */
		A076A9EF281646A700EF48A5 = {
			isa = PBXGroup;
			children = (
				A076A9FA281646A700EF48A5 /* Landmarks */,
				A076A9F9281646A700EF48A5 /* Products */,
			);
			sourceTree = "<group>";
		};
		A076A9F9281646A700EF48A5 /* Products */ = {
			isa = PBXGroup;
			children = (
				A076A9F8281646A700EF48A5 /* Landmarks.app */,
			);
			name = Products;
			sourceTree = "<group>";
		};
		A076A9FA281646A700EF48A5 /* Landmarks */ = {
			isa = PBXGroup;
			children = (
				A076A9FB281646A700EF48A5 /* LandmarksApp.swift */,
				A08BCDD42835FAF600637CA8 /* Views */,
				A08BCDD52835FB0700637CA8 /* Model */,
				A08BCDD62835FB1500637CA8 /* Resources */,
				A0AA05B22825C6D600DCC280 /* Assets.xcassets */,
				A076AA01281646AB00EF48A5 /* Preview Content */,
			);
			path = Landmarks;
			sourceTree = "<group>";
		};
		A076AA01281646AB00EF48A5 /* Preview Content */ = {
			isa = PBXGroup;
			children = (
				A076AA02281646AB00EF48A5 /* Preview Assets.xcassets */,
			);
			path = "Preview Content";
			sourceTree = "<group>";
		};
		A08BCDD42835FAF600637CA8 /* Views */ = {
			isa = PBXGroup;
			children = (
				A076A9FD281646A700EF48A5 /* ContentView.swift */,
				A044A386281656F400E36C4B /* CircleImage.swift */,
				A0CE01C9281B961E0025D185 /* MapView.swift */,
				A08BCDD72835FBFF00637CA8 /* LandmarkRow.swift */,
				A08BCDD92835FE9800637CA8 /* LandmarkList.swift */,
				A08BCDDB2836007E00637CA8 /* LandmarkDetail.swift */,
			);
			path = Views;
			sourceTree = "<group>";
		};
		A08BCDD52835FB0700637CA8 /* Model */ = {
			isa = PBXGroup;
			children = (
				A08BCDD02835F85300637CA8 /* Landmark.swift */,
				A08BCDD22835FA4E00637CA8 /* ModelData.swift */,
			);
			path = Model;
			sourceTree = "<group>";
		};
		A08BCDD62835FB1500637CA8 /* Resources */ = {
			isa = PBXGroup;
			children = (
				A08BCDCE2835F7F800637CA8 /* landmarkData.json */,
			);
			path = Resources;
			sourceTree = "<group>";
		};
/* End PBXGroup section */

/* Begin PBXNativeTarget section */
		A076A9F7281646A700EF48A5 /* Landmarks */ = {
			isa = PBXNativeTarget;
			buildConfigurationList = A076AA06281646AB00EF48A5 /* Build configuration list for PBXNativeTarget "Landmarks" */;
			buildPhases = (
				A076A9F4281646A700EF48A5 /* Sources */,
				A076A9F5281646A700EF48A5 /* Frameworks */,
				A076A9F6281646A700EF48A5 /* Resources */,
			);
			buildRules = (
			);
			dependencies = (
			);
			name = Landmarks;
			productName = Landmarks;
			productReference = A076A9F8281646A700EF48A5 /* Landmarks.app */;
			productType = "com.apple.product-type.application";
		};
/* End PBXNativeTarget section */

/* Begin PBXProject section */
		A076A9F0281646A700EF48A5 /* Project object */ = {
			isa = PBXProject;
			attributes = {
				BuildIndependentTargetsInParallel = 1;
				LastSwiftUpdateCheck = 1310;
				LastUpgradeCheck = 1310;
				TargetAttributes = {
					A076A9F7281646A700EF48A5 = {
						CreatedOnToolsVersion = 13.1;
					};
				};
			};
			buildConfigurationList = A076A9F3281646A700EF48A5 /* Build configuration list for PBXProject "Landmarks" */;
			compatibilityVersion = "Xcode 13.0";
			developmentRegion = en;
			hasScannedForEncodings = 0;
			knownRegions = (
				en,
				Base,
			);
			mainGroup = A076A9EF281646A700EF48A5;
			productRefGroup = A076A9F9281646A700EF48A5 /* Products */;
			projectDirPath = "";
			projectRoot = "";
			targets = (
				A076A9F7281646A700EF48A5 /* Landmarks */,
			);
		};
/* End PBXProject section */

/* Begin PBXResourcesBuildPhase section */
		A076A9F6281646A700EF48A5 /* Resources */ = {
			isa = PBXResourcesBuildPhase;
			buildActionMask = 2147483647;
			files = (
				A0AA05B32825C6D600DCC280 /* Assets.xcassets in Resources */,
				A076AA03281646AB00EF48A5 /* Preview Assets.xcassets in Resources */,
				A08BCDCF2835F7F800637CA8 /* landmarkData.json in Resources */,
			);
			runOnlyForDeploymentPostprocessing = 0;
		};
/* End PBXResourcesBuildPhase section */

/* Begin PBXSourcesBuildPhase section */
		A076A9F4281646A700EF48A5 /* Sources */ = {
			isa = PBXSourcesBuildPhase;
			buildActionMask = 2147483647;
			files = (
				A076A9FE281646A700EF48A5 /* ContentView.swift in Sources */,
				A0CE01CA281B961E0025D185 /* MapView.swift in Sources */,
				A076A9FC281646A700EF48A5 /* LandmarksApp.swift in Sources */,
				A08BCDDA2835FE9800637CA8 /* LandmarkList.swift in Sources */,
				A08BCDDC2836007E00637CA8 /* LandmarkDetail.swift in Sources */,
				A044A387281656F400E36C4B /* CircleImage.swift in Sources */,
				A08BCDD12835F85300637CA8 /* Landmark.swift in Sources */,
				A08BCDD82835FBFF00637CA8 /* LandmarkRow.swift in Sources */,
				A08BCDD32835FA4E00637CA8 /* ModelData.swift in Sources */,
			);
			runOnlyForDeploymentPostprocessing = 0;
		};
/* End PBXSourcesBuildPhase section */

/* Begin XCBuildConfiguration section */
		A076AA04281646AB00EF48A5 /* Debug */ = {
			isa = XCBuildConfiguration;
			buildSettings = {
				ALWAYS_SEARCH_USER_PATHS = NO;
				CLANG_ANALYZER_NONNULL = YES;
				CLANG_ANALYZER_NUMBER_OBJECT_CONVERSION = YES_AGGRESSIVE;
				CLANG_CXX_LANGUAGE_STANDARD = "gnu++17";
				CLANG_CXX_LIBRARY = "libc++";
				CLANG_ENABLE_MODULES = YES;
				CLANG_ENABLE_OBJC_ARC = YES;
				CLANG_ENABLE_OBJC_WEAK = YES;
				CLANG_WARN_BLOCK_CAPTURE_AUTORELEASING = YES;
				CLANG_WARN_BOOL_CONVERSION = YES;
				CLANG_WARN_COMMA = YES;
				CLANG_WARN_CONSTANT_CONVERSION = YES;
				CLANG_WARN_DEPRECATED_OBJC_IMPLEMENTATIONS = YES;
				CLANG_WARN_DIRECT_OBJC_ISA_USAGE = YES_ERROR;
				CLANG_WARN_DOCUMENTATION_COMMENTS = YES;
				CLANG_WARN_EMPTY_BODY = YES;
				CLANG_WARN_ENUM_CONVERSION = YES;
				CLANG_WARN_INFINITE_RECURSION = YES;
				CLANG_WARN_INT_CONVERSION = YES;
				CLANG_WARN_NON_LITERAL_NULL_CONVERSION = YES;
				CLANG_WARN_OBJC_IMPLICIT_RETAIN_SELF = YES;
				CLANG_WARN_OBJC_LITERAL_CONVERSION = YES;
				CLANG_WARN_OBJC_ROOT_CLASS = YES_ERROR;
				CLANG_WARN_QUOTED_INCLUDE_IN_FRAMEWORK_HEADER = YES;
				CLANG_WARN_RANGE_LOOP_ANALYSIS = YES;
				CLANG_WARN_STRICT_PROTOTYPES = YES;
				CLANG_WARN_SUSPICIOUS_MOVE = YES;
				CLANG_WARN_UNGUARDED_AVAILABILITY = YES_AGGRESSIVE;
				CLANG_WARN_UNREACHABLE_CODE = YES;
				CLANG_WARN__DUPLICATE_METHOD_MATCH = YES;
				COPY_PHASE_STRIP = NO;
				DEBUG_INFORMATION_FORMAT = dwarf;
				ENABLE_STRICT_OBJC_MSGSEND = YES;
				ENABLE_TESTABILITY = YES;
				GCC_C_LANGUAGE_STANDARD = gnu11;
				GCC_DYNAMIC_NO_PIC = NO;
				GCC_NO_COMMON_BLOCKS = YES;
				GCC_OPTIMIZATION_LEVEL = 0;
				GCC_PREPROCESSOR_DEFINITIONS = (
					"DEBUG=1",
					"$(inherited)",
				);
				GCC_WARN_64_TO_32_BIT_CONVERSION = YES;
				GCC_WARN_ABOUT_RETURN_TYPE = YES_ERROR;
				GCC_WARN_UNDECLARED_SELECTOR = YES;
				GCC_WARN_UNINITIALIZED_AUTOS = YES_AGGRESSIVE;
				GCC_WARN_UNUSED_FUNCTION = YES;
				GCC_WARN_UNUSED_VARIABLE = YES;
				IPHONEOS_DEPLOYMENT_TARGET = 15.0;
				MTL_ENABLE_DEBUG_INFO = INCLUDE_SOURCE;
				MTL_FAST_MATH = YES;
				ONLY_ACTIVE_ARCH = YES;
				SDKROOT = iphoneos;
				SWIFT_ACTIVE_COMPILATION_CONDITIONS = DEBUG;
				SWIFT_OPTIMIZATION_LEVEL = "-Onone";
			};
			name = Debug;
		};
		A076AA05281646AB00EF48A5 /* Release */ = {
			isa = XCBuildConfiguration;
			buildSettings = {
				ALWAYS_SEARCH_USER_PATHS = NO;
				CLANG_ANALYZER_NONNULL = YES;
				CLANG_ANALYZER_NUMBER_OBJECT_CONVERSION = YES_AGGRESSIVE;
				CLANG_CXX_LANGUAGE_STANDARD = "gnu++17";
				CLANG_CXX_LIBRARY = "libc++";
				CLANG_ENABLE_MODULES = YES;
				CLANG_ENABLE_OBJC_ARC = YES;
				CLANG_ENABLE_OBJC_WEAK = YES;
				CLANG_WARN_BLOCK_CAPTURE_AUTORELEASING = YES;
				CLANG_WARN_BOOL_CONVERSION = YES;
				CLANG_WARN_COMMA = YES;
				CLANG_WARN_CONSTANT_CONVERSION = YES;
				CLANG_WARN_DEPRECATED_OBJC_IMPLEMENTATIONS = YES;
				CLANG_WARN_DIRECT_OBJC_ISA_USAGE = YES_ERROR;
				CLANG_WARN_DOCUMENTATION_COMMENTS = YES;
				CLANG_WARN_EMPTY_BODY = YES;
				CLANG_WARN_ENUM_CONVERSION = YES;
				CLANG_WARN_INFINITE_RECURSION = YES;
				CLANG_WARN_INT_CONVERSION = YES;
				CLANG_WARN_NON_LITERAL_NULL_CONVERSION = YES;
				CLANG_WARN_OBJC_IMPLICIT_RETAIN_SELF = YES;
				CLANG_WARN_OBJC_LITERAL_CONVERSION = YES;
				CLANG_WARN_OBJC_ROOT_CLASS = YES_ERROR;
				CLANG_WARN_QUOTED_INCLUDE_IN_FRAMEWORK_HEADER = YES;
				CLANG_WARN_RANGE_LOOP_ANALYSIS = YES;
				CLANG_WARN_STRICT_PROTOTYPES = YES;
				CLANG_WARN_SUSPICIOUS_MOVE = YES;
				CLANG_WARN_UNGUARDED_AVAILABILITY = YES_AGGRESSIVE;
				CLANG_WARN_UNREACHABLE_CODE = YES;
				CLANG_WARN__DUPLICATE_METHOD_MATCH = YES;
				COPY_PHASE_STRIP = NO;
				DEBUG_INFORMATION_FORMAT = "dwarf-with-dsym";
				ENABLE_NS_ASSERTIONS = NO;
				ENABLE_STRICT_OBJC_MSGSEND = YES;
				GCC_C_LANGUAGE_STANDARD = gnu11;
				GCC_NO_COMMON_BLOCKS = YES;
				GCC_WARN_64_TO_32_BIT_CONVERSION = YES;
				GCC_WARN_ABOUT_RETURN_TYPE = YES_ERROR;
				GCC_WARN_UNDECLARED_SELECTOR = YES;
				GCC_WARN_UNINITIALIZED_AUTOS = YES_AGGRESSIVE;
				GCC_WARN_UNUSED_FUNCTION = YES;
				GCC_WARN_UNUSED_VARIABLE = YES;
				IPHONEOS_DEPLOYMENT_TARGET = 15.0;
				MTL_ENABLE_DEBUG_INFO = NO;
				MTL_FAST_MATH = YES;
				SDKROOT = iphoneos;
				SWIFT_COMPILATION_MODE = wholemodule;
				SWIFT_OPTIMIZATION_LEVEL = "-O";
				VALIDATE_PRODUCT = YES;
			};
			name = Release;
		};
		A076AA07281646AB00EF48A5 /* Debug */ = {
			isa = XCBuildConfiguration;
			buildSettings = {
				ASSETCATALOG_COMPILER_APPICON_NAME = AppIcon;
				ASSETCATALOG_COMPILER_GLOBAL_ACCENT_COLOR_NAME = AccentColor;
				CODE_SIGN_STYLE = Automatic;
				CURRENT_PROJECT_VERSION = 1;
				DEVELOPMENT_ASSET_PATHS = "\"Landmarks/Preview Content\"";
				DEVELOPMENT_TEAM = 6V2ZR3A87S;
				ENABLE_PREVIEWS = YES;
				GENERATE_INFOPLIST_FILE = YES;
				INFOPLIST_KEY_UIApplicationSceneManifest_Generation = YES;
				INFOPLIST_KEY_UIApplicationSupportsIndirectInputEvents = YES;
				INFOPLIST_KEY_UILaunchScreen_Generation = YES;
				INFOPLIST_KEY_UISupportedInterfaceOrientations_iPad = "UIInterfaceOrientationPortrait UIInterfaceOrientationPortraitUpsideDown UIInterfaceOrientationLandscapeLeft UIInterfaceOrientationLandscapeRight";
				INFOPLIST_KEY_UISupportedInterfaceOrientations_iPhone = "UIInterfaceOrientationPortrait UIInterfaceOrientationLandscapeLeft UIInterfaceOrientationLandscapeRight";
				LD_RUNPATH_SEARCH_PATHS = (
					"$(inherited)",
					"@executable_path/Frameworks",
				);
				MARKETING_VERSION = 1.0;
				PRODUCT_BUNDLE_IDENTIFIER = JuanFranciscoBazanCarrizo.Landmarks;
				PRODUCT_NAME = "$(TARGET_NAME)";
				SWIFT_EMIT_LOC_STRINGS = YES;
				SWIFT_VERSION = 5.0;
				TARGETED_DEVICE_FAMILY = "1,2";
			};
			name = Debug;
		};
		A076AA08281646AB00EF48A5 /* Release */ = {
			isa = XCBuildConfiguration;
			buildSettings = {
				ASSETCATALOG_COMPILER_APPICON_NAME = AppIcon;
				ASSETCATALOG_COMPILER_GLOBAL_ACCENT_COLOR_NAME = AccentColor;
				CODE_SIGN_STYLE = Automatic;
				CURRENT_PROJECT_VERSION = 1;
				DEVELOPMENT_ASSET_PATHS = "\"Landmarks/Preview Content\"";
				DEVELOPMENT_TEAM = 6V2ZR3A87S;
				ENABLE_PREVIEWS = YES;
				GENERATE_INFOPLIST_FILE = YES;
				INFOPLIST_KEY_UIApplicationSceneManifest_Generation = YES;
				INFOPLIST_KEY_UIApplicationSupportsIndirectInputEvents = YES;
				INFOPLIST_KEY_UILaunchScreen_Generation = YES;
				INFOPLIST_KEY_UISupportedInterfaceOrientations_iPad = "UIInterfaceOrientationPortrait UIInterfaceOrientationPortraitUpsideDown UIInterfaceOrientationLandscapeLeft UIInterfaceOrientationLandscapeRight";
				INFOPLIST_KEY_UISupportedInterfaceOrientations_iPhone = "UIInterfaceOrientationPortrait UIInterfaceOrientationLandscapeLeft UIInterfaceOrientationLandscapeRight";
				LD_RUNPATH_SEARCH_PATHS = (
					"$(inherited)",
					"@executable_path/Frameworks",
				);
				MARKETING_VERSION = 1.0;
				PRODUCT_BUNDLE_IDENTIFIER = JuanFranciscoBazanCarrizo.Landmarks;
				PRODUCT_NAME = "$(TARGET_NAME)";
				SWIFT_EMIT_LOC_STRINGS = YES;
				SWIFT_VERSION = 5.0;
				TARGETED_DEVICE_FAMILY = "1,2";
			};
			name = Release;
		};
/* End XCBuildConfiguration section */

/* Begin XCConfigurationList section */
		A076A9F3281646A700EF48A5 /* Build configuration list for PBXProject "Landmarks" */ = {
			isa = XCConfigurationList;
			buildConfigurations = (
				A076AA04281646AB00EF48A5 /* Debug */,
				A076AA05281646AB00EF48A5 /* Release */,
			);
			defaultConfigurationIsVisible = 0;
			defaultConfigurationName = Release;
		};
		A076AA06281646AB00EF48A5 /* Build configuration list for PBXNativeTarget "Landmarks" */ = {
			isa = XCConfigurationList;
			buildConfigurations = (
				A076AA07281646AB00EF48A5 /* Debug */,
				A076AA08281646AB00EF48A5 /* Release */,
			);
			defaultConfigurationIsVisible = 0;
			defaultConfigurationName = Release;
		};
/* End XCConfigurationList section */
	};
	rootObject = A076A9F0281646A700EF48A5 /* Project object */;
}
